// !$*UTF8*$!
{
	archiveVersion = 1;
	classes = {
	};
	objectVersion = 46;
	objects = {

/* Begin PBXBuildFile section */
		B8249D99197659A800E9E31F /* Foundation.framework in Frameworks */ = {isa = PBXBuildFile; fileRef = B8249D98197659A800E9E31F /* Foundation.framework */; };
		B8249D9B197659A800E9E31F /* CoreGraphics.framework in Frameworks */ = {isa = PBXBuildFile; fileRef = B8249D9A197659A800E9E31F /* CoreGraphics.framework */; };
		B8249D9D197659A800E9E31F /* UIKit.framework in Frameworks */ = {isa = PBXBuildFile; fileRef = B8249D9C197659A800E9E31F /* UIKit.framework */; };
		B8249DA3197659A800E9E31F /* InfoPlist.strings in Resources */ = {isa = PBXBuildFile; fileRef = B8249DA1197659A800E9E31F /* InfoPlist.strings */; };
		B8249DA5197659A800E9E31F /* main.m in Sources */ = {isa = PBXBuildFile; fileRef = B8249DA4197659A800E9E31F /* main.m */; };
		B8249DA9197659A800E9E31F /* AppDelegate.m in Sources */ = {isa = PBXBuildFile; fileRef = B8249DA8197659A800E9E31F /* AppDelegate.m */; };
		B8249DAC197659A800E9E31F /* Main.storyboard in Resources */ = {isa = PBXBuildFile; fileRef = B8249DAA197659A800E9E31F /* Main.storyboard */; };
		B8249DAF197659A800E9E31F /* ViewController.m in Sources */ = {isa = PBXBuildFile; fileRef = B8249DAE197659A800E9E31F /* ViewController.m */; };
		B8249DB1197659A800E9E31F /* Images.xcassets in Resources */ = {isa = PBXBuildFile; fileRef = B8249DB0197659A800E9E31F /* Images.xcassets */; };
		B8249DB8197659A800E9E31F /* XCTest.framework in Frameworks */ = {isa = PBXBuildFile; fileRef = B8249DB7197659A800E9E31F /* XCTest.framework */; };
		B8249DB9197659A800E9E31F /* Foundation.framework in Frameworks */ = {isa = PBXBuildFile; fileRef = B8249D98197659A800E9E31F /* Foundation.framework */; };
		B8249DBA197659A800E9E31F /* UIKit.framework in Frameworks */ = {isa = PBXBuildFile; fileRef = B8249D9C197659A800E9E31F /* UIKit.framework */; };
		B8249DC2197659A800E9E31F /* InfoPlist.strings in Resources */ = {isa = PBXBuildFile; fileRef = B8249DC0197659A800E9E31F /* InfoPlist.strings */; };
		B8249DC4197659A800E9E31F /* GridViewTests.m in Sources */ = {isa = PBXBuildFile; fileRef = B8249DC3197659A800E9E31F /* GridViewTests.m */; };
		B8249DCF19765AD600E9E31F /* Cell.m in Sources */ = {isa = PBXBuildFile; fileRef = B8249DCE19765AD600E9E31F /* Cell.m */; };
		B8249DD219765AE800E9E31F /* item1.gif in Resources */ = {isa = PBXBuildFile; fileRef = B8249DD019765AE800E9E31F /* item1.gif */; };
		B8249DD319765AE800E9E31F /* events.plist in Resources */ = {isa = PBXBuildFile; fileRef = B8249DD119765AE800E9E31F /* events.plist */; };
/* End PBXBuildFile section */

/* Begin PBXContainerItemProxy section */
		B8249DBB197659A800E9E31F /* PBXContainerItemProxy */ = {
			isa = PBXContainerItemProxy;
			containerPortal = B8249D8D197659A800E9E31F /* Project object */;
			proxyType = 1;
			remoteGlobalIDString = B8249D94197659A800E9E31F;
			remoteInfo = GridView;
		};
/* End PBXContainerItemProxy section */

/* Begin PBXFileReference section */
		B8249D95197659A800E9E31F /* GridView.app */ = {isa = PBXFileReference; explicitFileType = wrapper.application; includeInIndex = 0; path = GridView.app; sourceTree = BUILT_PRODUCTS_DIR; };
		B8249D98197659A800E9E31F /* Foundation.framework */ = {isa = PBXFileReference; lastKnownFileType = wrapper.framework; name = Foundation.framework; path = System/Library/Frameworks/Foundation.framework; sourceTree = SDKROOT; };
		B8249D9A197659A800E9E31F /* CoreGraphics.framework */ = {isa = PBXFileReference; lastKnownFileType = wrapper.framework; name = CoreGraphics.framework; path = System/Library/Frameworks/CoreGraphics.framework; sourceTree = SDKROOT; };
		B8249D9C197659A800E9E31F /* UIKit.framework */ = {isa = PBXFileReference; lastKnownFileType = wrapper.framework; name = UIKit.framework; path = System/Library/Frameworks/UIKit.framework; sourceTree = SDKROOT; };
		B8249DA0197659A800E9E31F /* GridView-Info.plist */ = {isa = PBXFileReference; lastKnownFileType = text.plist.xml; path = "GridView-Info.plist"; sourceTree = "<group>"; };
		B8249DA2197659A800E9E31F /* en */ = {isa = PBXFileReference; lastKnownFileType = text.plist.strings; name = en; path = en.lproj/InfoPlist.strings; sourceTree = "<group>"; };
		B8249DA4197659A800E9E31F /* main.m */ = {isa = PBXFileReference; lastKnownFileType = sourcecode.c.objc; path = main.m; sourceTree = "<group>"; };
		B8249DA6197659A800E9E31F /* GridView-Prefix.pch */ = {isa = PBXFileReference; lastKnownFileType = sourcecode.c.h; path = "GridView-Prefix.pch"; sourceTree = "<group>"; };
		B8249DA7197659A800E9E31F /* AppDelegate.h */ = {isa = PBXFileReference; lastKnownFileType = sourcecode.c.h; path = AppDelegate.h; sourceTree = "<group>"; };
		B8249DA8197659A800E9E31F /* AppDelegate.m */ = {isa = PBXFileReference; lastKnownFileType = sourcecode.c.objc; path = AppDelegate.m; sourceTree = "<group>"; };
		B8249DAB197659A800E9E31F /* Base */ = {isa = PBXFileReference; lastKnownFileType = file.storyboard; name = Base; path = Base.lproj/Main.storyboard; sourceTree = "<group>"; };
		B8249DAD197659A800E9E31F /* ViewController.h */ = {isa = PBXFileReference; lastKnownFileType = sourcecode.c.h; path = ViewController.h; sourceTree = "<group>"; };
		B8249DAE197659A800E9E31F /* ViewController.m */ = {isa = PBXFileReference; lastKnownFileType = sourcecode.c.objc; path = ViewController.m; sourceTree = "<group>"; };
		B8249DB0197659A800E9E31F /* Images.xcassets */ = {isa = PBXFileReference; lastKnownFileType = folder.assetcatalog; path = Images.xcassets; sourceTree = "<group>"; };
		B8249DB6197659A800E9E31F /* GridViewTests.xctest */ = {isa = PBXFileReference; explicitFileType = wrapper.cfbundle; includeInIndex = 0; path = GridViewTests.xctest; sourceTree = BUILT_PRODUCTS_DIR; };
		B8249DB7197659A800E9E31F /* XCTest.framework */ = {isa = PBXFileReference; lastKnownFileType = wrapper.framework; name = XCTest.framework; path = Library/Frameworks/XCTest.framework; sourceTree = DEVELOPER_DIR; };
		B8249DBF197659A800E9E31F /* GridViewTests-Info.plist */ = {isa = PBXFileReference; lastKnownFileType = text.plist.xml; path = "GridViewTests-Info.plist"; sourceTree = "<group>"; };
		B8249DC1197659A800E9E31F /* en */ = {isa = PBXFileReference; lastKnownFileType = text.plist.strings; name = en; path = en.lproj/InfoPlist.strings; sourceTree = "<group>"; };
		B8249DC3197659A800E9E31F /* GridViewTests.m */ = {isa = PBXFileReference; lastKnownFileType = sourcecode.c.objc; path = GridViewTests.m; sourceTree = "<group>"; };
		B8249DCD19765AD600E9E31F /* Cell.h */ = {isa = PBXFileReference; fileEncoding = 4; lastKnownFileType = sourcecode.c.h; path = Cell.h; sourceTree = "<group>"; };
		B8249DCE19765AD600E9E31F /* Cell.m */ = {isa = PBXFileReference; fileEncoding = 4; lastKnownFileType = sourcecode.c.objc; path = Cell.m; sourceTree = "<group>"; };
		B8249DD019765AE800E9E31F /* item1.gif */ = {isa = PBXFileReference; lastKnownFileType = image.gif; path = item1.gif; sourceTree = "<group>"; };
		B8249DD119765AE800E9E31F /* events.plist */ = {isa = PBXFileReference; fileEncoding = 4; lastKnownFileType = text.plist.xml; path = events.plist; sourceTree = "<group>"; };
/* End PBXFileReference section */

/* Begin PBXFrameworksBuildPhase section */
		B8249D92197659A800E9E31F /* Frameworks */ = {
			isa = PBXFrameworksBuildPhase;
			buildActionMask = 2147483647;
			files = (
				B8249D9B197659A800E9E31F /* CoreGraphics.framework in Frameworks */,
				B8249D9D197659A800E9E31F /* UIKit.framework in Frameworks */,
				B8249D99197659A800E9E31F /* Foundation.framework in Frameworks */,
			);
			runOnlyForDeploymentPostprocessing = 0;
		};
		B8249DB3197659A800E9E31F /* Frameworks */ = {
			isa = PBXFrameworksBuildPhase;
			buildActionMask = 2147483647;
			files = (
				B8249DB8197659A800E9E31F /* XCTest.framework in Frameworks */,
				B8249DBA197659A800E9E31F /* UIKit.framework in Frameworks */,
				B8249DB9197659A800E9E31F /* Foundation.framework in Frameworks */,
			);
			runOnlyForDeploymentPostprocessing = 0;
		};
/* End PBXFrameworksBuildPhase section */

/* Begin PBXGroup section */
		B8249D8C197659A800E9E31F = {
			isa = PBXGroup;
			children = (
				B8249D9E197659A800E9E31F /* GridView */,
				B8249DBD197659A800E9E31F /* GridViewTests */,
				B8249D97197659A800E9E31F /* Frameworks */,
				B8249D96197659A800E9E31F /* Products */,
			);
			sourceTree = "<group>";
		};
		B8249D96197659A800E9E31F /* Products */ = {
			isa = PBXGroup;
			children = (
				B8249D95197659A800E9E31F /* GridView.app */,
				B8249DB6197659A800E9E31F /* GridViewTests.xctest */,
			);
			name = Products;
			sourceTree = "<group>";
		};
		B8249D97197659A800E9E31F /* Frameworks */ = {
			isa = PBXGroup;
			children = (
				B8249D98197659A800E9E31F /* Foundation.framework */,
				B8249D9A197659A800E9E31F /* CoreGraphics.framework */,
				B8249D9C197659A800E9E31F /* UIKit.framework */,
				B8249DB7197659A800E9E31F /* XCTest.framework */,
			);
			name = Frameworks;
			sourceTree = "<group>";
		};
		B8249D9E197659A800E9E31F /* GridView */ = {
			isa = PBXGroup;
			children = (
				B8249DA7197659A800E9E31F /* AppDelegate.h */,
				B8249DA8197659A800E9E31F /* AppDelegate.m */,
				B8249DAA197659A800E9E31F /* Main.storyboard */,
				B8249DAD197659A800E9E31F /* ViewController.h */,
				B8249DAE197659A800E9E31F /* ViewController.m */,
				B8249DCD19765AD600E9E31F /* Cell.h */,
				B8249DCE19765AD600E9E31F /* Cell.m */,
				B8249DD019765AE800E9E31F /* item1.gif */,
				B8249DD119765AE800E9E31F /* events.plist */,
				B8249DB0197659A800E9E31F /* Images.xcassets */,
				B8249D9F197659A800E9E31F /* Supporting Files */,
			);
			path = GridView;
			sourceTree = "<group>";
		};
		B8249D9F197659A800E9E31F /* Supporting Files */ = {
			isa = PBXGroup;
			children = (
				B8249DA0197659A800E9E31F /* GridView-Info.plist */,
				B8249DA1197659A800E9E31F /* InfoPlist.strings */,
				B8249DA4197659A800E9E31F /* main.m */,
				B8249DA6197659A800E9E31F /* GridView-Prefix.pch */,
			);
			name = "Supporting Files";
			sourceTree = "<group>";
		};
		B8249DBD197659A800E9E31F /* GridViewTests */ = {
			isa = PBXGroup;
			children = (
				B8249DC3197659A800E9E31F /* GridViewTests.m */,
				B8249DBE197659A800E9E31F /* Supporting Files */,
			);
			path = GridViewTests;
			sourceTree = "<group>";
		};
		B8249DBE197659A800E9E31F /* Supporting Files */ = {
			isa = PBXGroup;
			children = (
				B8249DBF197659A800E9E31F /* GridViewTests-Info.plist */,
				B8249DC0197659A800E9E31F /* InfoPlist.strings */,
			);
			name = "Supporting Files";
			sourceTree = "<group>";
		};
/* End PBXGroup section */

/* Begin PBXNativeTarget section */
		B8249D94197659A800E9E31F /* GridView */ = {
			isa = PBXNativeTarget;
			buildConfigurationList = B8249DC7197659A800E9E31F /* Build configuration list for PBXNativeTarget "GridView" */;
			buildPhases = (
				B8249D91197659A800E9E31F /* Sources */,
				B8249D92197659A800E9E31F /* Frameworks */,
				B8249D93197659A800E9E31F /* Resources */,
			);
			buildRules = (
			);
			dependencies = (
			);
			name = GridView;
			productName = GridView;
			productReference = B8249D95197659A800E9E31F /* GridView.app */;
			productType = "com.apple.product-type.application";
		};
		B8249DB5197659A800E9E31F /* GridViewTests */ = {
			isa = PBXNativeTarget;
			buildConfigurationList = B8249DCA197659A800E9E31F /* Build configuration list for PBXNativeTarget "GridViewTests" */;
			buildPhases = (
				B8249DB2197659A800E9E31F /* Sources */,
				B8249DB3197659A800E9E31F /* Frameworks */,
				B8249DB4197659A800E9E31F /* Resources */,
			);
			buildRules = (
			);
			dependencies = (
				B8249DBC197659A800E9E31F /* PBXTargetDependency */,
			);
			name = GridViewTests;
			productName = GridViewTests;
			productReference = B8249DB6197659A800E9E31F /* GridViewTests.xctest */;
			productType = "com.apple.product-type.bundle.unit-test";
		};
/* End PBXNativeTarget section */

/* Begin PBXProject section */
		B8249D8D197659A800E9E31F /* Project object */ = {
			isa = PBXProject;
			attributes = {
				LastUpgradeCheck = 0510;
				ORGANIZATIONNAME = Darrrrr;
				TargetAttributes = {
					B8249DB5197659A800E9E31F = {
						TestTargetID = B8249D94197659A800E9E31F;
					};
				};
			};
			buildConfigurationList = B8249D90197659A800E9E31F /* Build configuration list for PBXProject "GridView" */;
			compatibilityVersion = "Xcode 3.2";
			developmentRegion = English;
			hasScannedForEncodings = 0;
			knownRegions = (
				en,
				Base,
			);
			mainGroup = B8249D8C197659A800E9E31F;
			productRefGroup = B8249D96197659A800E9E31F /* Products */;
			projectDirPath = "";
			projectRoot = "";
			targets = (
				B8249D94197659A800E9E31F /* GridView */,
				B8249DB5197659A800E9E31F /* GridViewTests */,
			);
		};
/* End PBXProject section */

/* Begin PBXResourcesBuildPhase section */
		B8249D93197659A800E9E31F /* Resources */ = {
			isa = PBXResourcesBuildPhase;
			buildActionMask = 2147483647;
			files = (
				B8249DD319765AE800E9E31F /* events.plist in Resources */,
				B8249DB1197659A800E9E31F /* Images.xcassets in Resources */,
				B8249DD219765AE800E9E31F /* item1.gif in Resources */,
				B8249DA3197659A800E9E31F /* InfoPlist.strings in Resources */,
				B8249DAC197659A800E9E31F /* Main.storyboard in Resources */,
			);
			runOnlyForDeploymentPostprocessing = 0;
		};
		B8249DB4197659A800E9E31F /* Resources */ = {
			isa = PBXResourcesBuildPhase;
			buildActionMask = 2147483647;
			files = (
				B8249DC2197659A800E9E31F /* InfoPlist.strings in Resources */,
			);
			runOnlyForDeploymentPostprocessing = 0;
		};
/* End PBXResourcesBuildPhase section */

/* Begin PBXSourcesBuildPhase section */
		B8249D91197659A800E9E31F /* Sources */ = {
			isa = PBXSourcesBuildPhase;
			buildActionMask = 2147483647;
			files = (
				B8249DAF197659A800E9E31F /* ViewController.m in Sources */,
				B8249DCF19765AD600E9E31F /* Cell.m in Sources */,
				B8249DA9197659A800E9E31F /* AppDelegate.m in Sources */,
				B8249DA5197659A800E9E31F /* main.m in Sources */,
			);
			runOnlyForDeploymentPostprocessing = 0;
		};
		B8249DB2197659A800E9E31F /* Sources */ = {
			isa = PBXSourcesBuildPhase;
			buildActionMask = 2147483647;
			files = (
				B8249DC4197659A800E9E31F /* GridViewTests.m in Sources */,
			);
			runOnlyForDeploymentPostprocessing = 0;
		};
/* End PBXSourcesBuildPhase section */

/* Begin PBXTargetDependency section */
		B8249DBC197659A800E9E31F /* PBXTargetDependency */ = {
			isa = PBXTargetDependency;
			target = B8249D94197659A800E9E31F /* GridView */;
			targetProxy = B8249DBB197659A800E9E31F /* PBXContainerItemProxy */;
		};
/* End PBXTargetDependency section */

/* Begin PBXVariantGroup section */
		B8249DA1197659A800E9E31F /* InfoPlist.strings */ = {
			isa = PBXVariantGroup;
			children = (
				B8249DA2197659A800E9E31F /* en */,
			);
			name = InfoPlist.strings;
			sourceTree = "<group>";
		};
		B8249DAA197659A800E9E31F /* Main.storyboard */ = {
			isa = PBXVariantGroup;
			children = (
				B8249DAB197659A800E9E31F /* Base */,
			);
			name = Main.storyboard;
			sourceTree = "<group>";
		};
		B8249DC0197659A800E9E31F /* InfoPlist.strings */ = {
			isa = PBXVariantGroup;
			children = (
				B8249DC1197659A800E9E31F /* en */,
			);
			name = InfoPlist.strings;
			sourceTree = "<group>";
		};
/* End PBXVariantGroup section */

/* Begin XCBuildConfiguration section */
		B8249DC5197659A800E9E31F /* Debug */ = {
			isa = XCBuildConfiguration;
			buildSettings = {
				ALWAYS_SEARCH_USER_PATHS = NO;
				CLANG_CXX_LANGUAGE_STANDARD = "gnu++0x";
				CLANG_CXX_LIBRARY = "libc++";
				CLANG_ENABLE_MODULES = YES;
				CLANG_ENABLE_OBJC_ARC = YES;
				CLANG_WARN_BOOL_CONVERSION = YES;
				CLANG_WARN_CONSTANT_CONVERSION = YES;
				CLANG_WARN_DIRECT_OBJC_ISA_USAGE = YES_ERROR;
				CLANG_WARN_EMPTY_BODY = YES;
				CLANG_WARN_ENUM_CONVERSION = YES;
				CLANG_WARN_INT_CONVERSION = YES;
				CLANG_WARN_OBJC_ROOT_CLASS = YES_ERROR;
				CLANG_WARN__DUPLICATE_METHOD_MATCH = YES;
				"CODE_SIGN_IDENTITY[sdk=iphoneos*]" = "iPhone Developer";
				COPY_PHASE_STRIP = NO;
				GCC_C_LANGUAGE_STANDARD = gnu99;
				GCC_DYNAMIC_NO_PIC = NO;
				GCC_OPTIMIZATION_LEVEL = 0;
				GCC_PREPROCESSOR_DEFINITIONS = (
					"DEBUG=1",
					"$(inherited)",
				);
				GCC_SYMBOLS_PRIVATE_EXTERN = NO;
				GCC_WARN_64_TO_32_BIT_CONVERSION = YES;
				GCC_WARN_ABOUT_RETURN_TYPE = YES_ERROR;
				GCC_WARN_UNDECLARED_SELECTOR = YES;
				GCC_WARN_UNINITIALIZED_AUTOS = YES_AGGRESSIVE;
				GCC_WARN_UNUSED_FUNCTION = YES;
				GCC_WARN_UNUSED_VARIABLE = YES;
				IPHONEOS_DEPLOYMENT_TARGET = 7.1;
				ONLY_ACTIVE_ARCH = YES;
				SDKROOT = iphoneos;
			};
			name = Debug;
		};
		B8249DC6197659A800E9E31F /* Release */ = {
			isa = XCBuildConfiguration;
			buildSettings = {
				ALWAYS_SEARCH_USER_PATHS = NO;
				CLANG_CXX_LANGUAGE_STANDARD = "gnu++0x";
				CLANG_CXX_LIBRARY = "libc++";
				CLANG_ENABLE_MODULES = YES;
				CLANG_ENABLE_OBJC_ARC = YES;
				CLANG_WARN_BOOL_CONVERSION = YES;
				CLANG_WARN_CONSTANT_CONVERSION = YES;
				CLANG_WARN_DIRECT_OBJC_ISA_USAGE = YES_ERROR;
				CLANG_WARN_EMPTY_BODY = YES;
				CLANG_WARN_ENUM_CONVERSION = YES;
				CLANG_WARN_INT_CONVERSION = YES;
				CLANG_WARN_OBJC_ROOT_CLASS = YES_ERROR;
				CLANG_WARN__DUPLICATE_METHOD_MATCH = YES;
				"CODE_SIGN_IDENTITY[sdk=iphoneos*]" = "iPhone Developer";
				COPY_PHASE_STRIP = YES;
				ENABLE_NS_ASSERTIONS = NO;
				GCC_C_LANGUAGE_STANDARD = gnu99;
				GCC_WARN_64_TO_32_BIT_CONVERSION = YES;
				GCC_WARN_ABOUT_RETURN_TYPE = YES_ERROR;
				GCC_WARN_UNDECLARED_SELECTOR = YES;
				GCC_WARN_UNINITIALIZED_AUTOS = YES_AGGRESSIVE;
				GCC_WARN_UNUSED_FUNCTION = YES;
				GCC_WARN_UNUSED_VARIABLE = YES;
				IPHONEOS_DEPLOYMENT_TARGET = 7.1;
				SDKROOT = iphoneos;
				VALIDATE_PRODUCT = YES;
			};
			name = Release;
		};
		B8249DC8197659A800E9E31F /* Debug */ = {
			isa = XCBuildConfiguration;
			buildSettings = {
				ASSETCATALOG_COMPILER_APPICON_NAME = AppIcon;
				ASSETCATALOG_COMPILER_LAUNCHIMAGE_NAME = LaunchImage;
				GCC_PRECOMPILE_PREFIX_HEADER = YES;
				GCC_PREFIX_HEADER = "GridView/GridView-Prefix.pch";
				INFOPLIST_FILE = "GridView/GridView-Info.plist";
				PRODUCT_NAME = "$(TARGET_NAME)";
				WRAPPER_EXTENSION = app;
			};
			name = Debug;
		};
		B8249DC9197659A800E9E31F /* Release */ = {
			isa = XCBuildConfiguration;
			buildSettings = {
				ASSETCATALOG_COMPILER_APPICON_NAME = AppIcon;
				ASSETCATALOG_COMPILER_LAUNCHIMAGE_NAME = LaunchImage;
				GCC_PRECOMPILE_PREFIX_HEADER = YES;
				GCC_PREFIX_HEADER = "GridView/GridView-Prefix.pch";
				INFOPLIST_FILE = "GridView/GridView-Info.plist";
				PRODUCT_NAME = "$(TARGET_NAME)";
				WRAPPER_EXTENSION = app;
			};
			name = Release;
		};
		B8249DCB197659A800E9E31F /* Debug */ = {
			isa = XCBuildConfiguration;
			buildSettings = {
				BUNDLE_LOADER = "$(BUILT_PRODUCTS_DIR)/GridView.app/GridView";
				FRAMEWORK_SEARCH_PATHS = (
					"$(SDKROOT)/Developer/Library/Frameworks",
					"$(inherited)",
					"$(DEVELOPER_FRAMEWORKS_DIR)",
				);
				GCC_PRECOMPILE_PREFIX_HEADER = YES;
				GCC_PREFIX_HEADER = "GridView/GridView-Prefix.pch";
				GCC_PREPROCESSOR_DEFINITIONS = (
					"DEBUG=1",
					"$(inherited)",
				);
				INFOPLIST_FILE = "GridViewTests/GridViewTests-Info.plist";
				PRODUCT_NAME = "$(TARGET_NAME)";
				TEST_HOST = "$(BUNDLE_LOADER)";
				WRAPPER_EXTENSION = xctest;
			};
			name = Debug;
		};
		B8249DCC197659A800E9E31F /* Release */ = {
			isa = XCBuildConfiguration;
			buildSettings = {
				BUNDLE_LOADER = "$(BUILT_PRODUCTS_DIR)/GridView.app/GridView";
				FRAMEWORK_SEARCH_PATHS = (
					"$(SDKROOT)/Developer/Library/Frameworks",
					"$(inherited)",
					"$(DEVELOPER_FRAMEWORKS_DIR)",
				);
				GCC_PRECOMPILE_PREFIX_HEADER = YES;
				GCC_PREFIX_HEADER = "GridView/GridView-Prefix.pch";
				INFOPLIST_FILE = "GridViewTests/GridViewTests-Info.plist";
				PRODUCT_NAME = "$(TARGET_NAME)";
				TEST_HOST = "$(BUNDLE_LOADER)";
				WRAPPER_EXTENSION = xctest;
			};
			name = Release;
		};
/* End XCBuildConfiguration section */

/* Begin XCConfigurationList section */
		B8249D90197659A800E9E31F /* Build configuration list for PBXProject "GridView" */ = {
			isa = XCConfigurationList;
			buildConfigurations = (
				B8249DC5197659A800E9E31F /* Debug */,
				B8249DC6197659A800E9E31F /* Release */,
			);
			defaultConfigurationIsVisible = 0;
			defaultConfigurationName = Release;
		};
		B8249DC7197659A800E9E31F /* Build configuration list for PBXNativeTarget "GridView" */ = {
			isa = XCConfigurationList;
			buildConfigurations = (
				B8249DC8197659A800E9E31F /* Debug */,
				B8249DC9197659A800E9E31F /* Release */,
			);
			defaultConfigurationIsVisible = 0;
			defaultConfigurationName = Release;
		};
		B8249DCA197659A800E9E31F /* Build configuration list for PBXNativeTarget "GridViewTests" */ = {
			isa = XCConfigurationList;
			buildConfigurations = (
				B8249DCB197659A800E9E31F /* Debug */,
				B8249DCC197659A800E9E31F /* Release */,
			);
			defaultConfigurationIsVisible = 0;
			defaultConfigurationName = Release;
		};
/* End XCConfigurationList section */
	};
	rootObject = B8249D8D197659A800E9E31F /* Project object */;
}
